
Microsoft Visual Studio Solution File, Format Version 12.00
# Visual Studio Version 17
VisualStudioVersion = 17.4.33103.184
MinimumVisualStudioVersion = 10.0.40219.1
Project("{FAE04EC0-301F-11D3-BF4B-00C04F79EFBC}") = "Crear Json Base datos Medica", "Crear Json Base datos Medica\Crear Json Base datos Medica.csproj", "{BFF68FC4-1F96-4C6B-AA4B-4B3BC259B104}"
EndProject
Global
	GlobalSection(SolutionConfigurationPlatforms) = preSolution
		Debug|Any CPU = Debug|Any CPU
		Release|Any CPU = Release|Any CPU
	EndGlobalSection
	GlobalSection(ProjectConfigurationPlatforms) = postSolution
		{BFF68FC4-1F96-4C6B-AA4B-4B3BC259B104}.Debug|Any CPU.ActiveCfg = Debug|Any CPU
		{BFF68FC4-1F96-4C6B-AA4B-4B3BC259B104}.Debug|Any CPU.Build.0 = Debug|Any CPU
		{BFF68FC4-1F96-4C6B-AA4B-4B3BC259B104}.Release|Any CPU.ActiveCfg = Release|Any CPU
		{BFF68FC4-1F96-4C6B-AA4B-4B3BC259B104}.Release|Any CPU.Build.0 = Release|Any CPU
	EndGlobalSection
	GlobalSection(SolutionProperties) = preSolution
		HideSolutionNode = FALSE
	EndGlobalSection
	GlobalSection(ExtensibilityGlobals) = postSolution
		SolutionGuid = {F514B9F2-2E4D-4252-AF1F-94C530FF3298}
	EndGlobalSection
EndGlobal
